
Microsoft Visual Studio Solution File, Format Version 12.00
# Visual Studio 15
VisualStudioVersion = 15.0.28307.539
MinimumVisualStudioVersion = 10.0.40219.1
Project("{FAE04EC0-301F-11D3-BF4B-00C04F79EFBC}") = "EjemploPatronAbstractFactoryCar", "EjemploPatronAbstractFactoryCar\EjemploPatronAbstractFactoryCar.csproj", "{5F899AE6-CB7D-4802-81F2-C918E769E56C}"
EndProject
Global
	GlobalSection(SolutionConfigurationPlatforms) = preSolution
		Debug|Any CPU = Debug|Any CPU
		Release|Any CPU = Release|Any CPU
	EndGlobalSection
	GlobalSection(ProjectConfigurationPlatforms) = postSolution
		{5F899AE6-CB7D-4802-81F2-C918E769E56C}.Debug|Any CPU.ActiveCfg = Debug|Any CPU
		{5F899AE6-CB7D-4802-81F2-C918E769E56C}.Debug|Any CPU.Build.0 = Debug|Any CPU
		{5F899AE6-CB7D-4802-81F2-C918E769E56C}.Release|Any CPU.ActiveCfg = Release|Any CPU
		{5F899AE6-CB7D-4802-81F2-C918E769E56C}.Release|Any CPU.Build.0 = Release|Any CPU
	EndGlobalSection
	GlobalSection(SolutionProperties) = preSolution
		HideSolutionNode = FALSE
	EndGlobalSection
	GlobalSection(ExtensibilityGlobals) = postSolution
		SolutionGuid = {4F5AD367-1665-4125-A92B-B2989E5CF03C}
	EndGlobalSection
EndGlobal
