
Microsoft Visual Studio Solution File, Format Version 12.00
# Visual Studio Version 16
VisualStudioVersion = 16.0.29123.88
MinimumVisualStudioVersion = 10.0.40219.1
Project("{9A19103F-16F7-4668-BE54-9A1E7A4F7556}") = "MLNETNetUnitv05", "MLNETNetUnitv05\MLNETNetUnitv05.csproj", "{187F692C-9631-4CD7-BE61-B85955AB69F7}"
EndProject
Project("{9A19103F-16F7-4668-BE54-9A1E7A4F7556}") = "MLNETNetUnitv03", "MLNETNetUnitv03\MLNETNetUnitv03.csproj", "{89391900-6FDA-4ADF-952F-C0C4D5C44A91}"
EndProject
Project("{9A19103F-16F7-4668-BE54-9A1E7A4F7556}") = "MLNETNetUnitv06", "MLNETNetUnitv06\MLNETNetUnitv06.csproj", "{94CBE7BD-B80A-4C1C-A147-8F958730B90F}"
EndProject
Project("{9A19103F-16F7-4668-BE54-9A1E7A4F7556}") = "MLNETUniv07_ModelEval", "MLNETUniv07_ModelEval\MLNETUniv07_ModelEval.csproj", "{CBFF599A-516D-487F-BD90-623A64BB133D}"
EndProject
Project("{FAE04EC0-301F-11D3-BF4B-00C04F79EFBC}") = "MLNETUniv08_OnnxExport", "MLNETUniv08_OnnxExport\MLNETUniv08_OnnxExport.csproj", "{9DCE108D-6B4A-4A0E-AB50-235BC44A512D}"
EndProject
Global
	GlobalSection(SolutionConfigurationPlatforms) = preSolution
		Debug|Any CPU = Debug|Any CPU
		Release|Any CPU = Release|Any CPU
	EndGlobalSection
	GlobalSection(ProjectConfigurationPlatforms) = postSolution
		{187F692C-9631-4CD7-BE61-B85955AB69F7}.Debug|Any CPU.ActiveCfg = Debug|Any CPU
		{187F692C-9631-4CD7-BE61-B85955AB69F7}.Debug|Any CPU.Build.0 = Debug|Any CPU
		{187F692C-9631-4CD7-BE61-B85955AB69F7}.Release|Any CPU.ActiveCfg = Release|Any CPU
		{187F692C-9631-4CD7-BE61-B85955AB69F7}.Release|Any CPU.Build.0 = Release|Any CPU
		{89391900-6FDA-4ADF-952F-C0C4D5C44A91}.Debug|Any CPU.ActiveCfg = Debug|Any CPU
		{89391900-6FDA-4ADF-952F-C0C4D5C44A91}.Debug|Any CPU.Build.0 = Debug|Any CPU
		{89391900-6FDA-4ADF-952F-C0C4D5C44A91}.Release|Any CPU.ActiveCfg = Release|Any CPU
		{89391900-6FDA-4ADF-952F-C0C4D5C44A91}.Release|Any CPU.Build.0 = Release|Any CPU
		{94CBE7BD-B80A-4C1C-A147-8F958730B90F}.Debug|Any CPU.ActiveCfg = Debug|Any CPU
		{94CBE7BD-B80A-4C1C-A147-8F958730B90F}.Debug|Any CPU.Build.0 = Debug|Any CPU
		{94CBE7BD-B80A-4C1C-A147-8F958730B90F}.Release|Any CPU.ActiveCfg = Release|Any CPU
		{94CBE7BD-B80A-4C1C-A147-8F958730B90F}.Release|Any CPU.Build.0 = Release|Any CPU
		{CBFF599A-516D-487F-BD90-623A64BB133D}.Debug|Any CPU.ActiveCfg = Debug|Any CPU
		{CBFF599A-516D-487F-BD90-623A64BB133D}.Debug|Any CPU.Build.0 = Debug|Any CPU
		{CBFF599A-516D-487F-BD90-623A64BB133D}.Release|Any CPU.ActiveCfg = Release|Any CPU
		{CBFF599A-516D-487F-BD90-623A64BB133D}.Release|Any CPU.Build.0 = Release|Any CPU
		{9DCE108D-6B4A-4A0E-AB50-235BC44A512D}.Debug|Any CPU.ActiveCfg = Debug|Any CPU
		{9DCE108D-6B4A-4A0E-AB50-235BC44A512D}.Debug|Any CPU.Build.0 = Debug|Any CPU
		{9DCE108D-6B4A-4A0E-AB50-235BC44A512D}.Release|Any CPU.ActiveCfg = Release|Any CPU
		{9DCE108D-6B4A-4A0E-AB50-235BC44A512D}.Release|Any CPU.Build.0 = Release|Any CPU
	EndGlobalSection
	GlobalSection(SolutionProperties) = preSolution
		HideSolutionNode = FALSE
	EndGlobalSection
	GlobalSection(ExtensibilityGlobals) = postSolution
		SolutionGuid = {BD5E9FDA-45A5-4BC8-9020-89707353E6A2}
	EndGlobalSection
EndGlobal
